
Microsoft Visual Studio Solution File, Format Version 12.00
# Visual Studio Version 16
VisualStudioVersion = 16.0.31729.503
MinimumVisualStudioVersion = 10.0.40219.1
Project("{FAE04EC0-301F-11D3-BF4B-00C04F79EFBC}") = "DoZero2", "DoZero2.csproj", "{5008324F-D649-46E5-9589-895B258643A0}"
EndProject
Project("{FAE04EC0-301F-11D3-BF4B-00C04F79EFBC}") = "DoZero2API", "..\DoZero2API\DoZero2API.csproj", "{EE299C6A-17F2-4D7F-AC4B-EF90260341BE}"
EndProject
Global
	GlobalSection(SolutionConfigurationPlatforms) = preSolution
		Debug|Any CPU = Debug|Any CPU
		Release|Any CPU = Release|Any CPU
	EndGlobalSection
	GlobalSection(ProjectConfigurationPlatforms) = postSolution
		{5008324F-D649-46E5-9589-895B258643A0}.Debug|Any CPU.ActiveCfg = Debug|Any CPU
		{5008324F-D649-46E5-9589-895B258643A0}.Debug|Any CPU.Build.0 = Debug|Any CPU
		{5008324F-D649-46E5-9589-895B258643A0}.Release|Any CPU.ActiveCfg = Release|Any CPU
		{5008324F-D649-46E5-9589-895B258643A0}.Release|Any CPU.Build.0 = Release|Any CPU
		{EE299C6A-17F2-4D7F-AC4B-EF90260341BE}.Debug|Any CPU.ActiveCfg = Debug|Any CPU
		{EE299C6A-17F2-4D7F-AC4B-EF90260341BE}.Debug|Any CPU.Build.0 = Debug|Any CPU
		{EE299C6A-17F2-4D7F-AC4B-EF90260341BE}.Release|Any CPU.ActiveCfg = Release|Any CPU
		{EE299C6A-17F2-4D7F-AC4B-EF90260341BE}.Release|Any CPU.Build.0 = Release|Any CPU
	EndGlobalSection
	GlobalSection(SolutionProperties) = preSolution
		HideSolutionNode = FALSE
	EndGlobalSection
	GlobalSection(ExtensibilityGlobals) = postSolution
		SolutionGuid = {D88F77C0-2658-4FE1-9697-557FA0511903}
	EndGlobalSection
EndGlobal
